<?xml version="1.0" encoding="UTF-8" standalone="yes" ?>
<CodeBlocks_project_file>
	<FileVersion major="1" minor="6" />
	<Project>
		<Option title="MwLibrary" />
		<Option pch_mode="2" />
		<Option compiler="gcc" />
		<Build>
			<Target title="Debug">
				<Option output="MwLibrary" prefix_auto="1" extension_auto="1" />
				<Option working_dir="" />
				<Option object_output="obj/Debug/" />
				<Option type="2" />
				<Option compiler="gcc" />
				<Option createDefFile="1" />
				<Compiler>
					<Add option="-Wall" />
					<Add option="-g" />
				</Compiler>
				<Linker>
					<Add option="`sdl-config --libs`" />
					<Add option="-lSDL_image" />
					<Add option="-lSDL_net" />
					<Add option="-lSDL_ttf" />
					<Add option="-lSDL_mixer" />
					<Add option="-lGL" />
				</Linker>
			</Target>
			<Target title="Release">
				<Option output="MwLibrary" prefix_auto="1" extension_auto="1" />
				<Option working_dir="" />
				<Option object_output="obj/Release/" />
				<Option type="2" />
				<Option compiler="gcc" />
				<Option createDefFile="1" />
				<Compiler>
					<Add option="-Wall" />
					<Add option="-O2" />
				</Compiler>
				<Linker>
					<Add option="-s" />
				</Linker>
			</Target>
		</Build>
		<Compiler>
			<Add option="-std=c++11" />
			<Add option="`sdl-config --cflags`" />
		</Compiler>
		<Linker>
			<Add option="`sdl-config --libs`" />
			<Add option="-lSDL_image" />
			<Add option="-lSDL_net" />
			<Add option="-lSDL_ttf" />
			<Add option="-lSDL_mixer" />
			<Add option="-lGL" />
		</Linker>
		<Unit filename="mw/color.h" />
		<Unit filename="mw/enet/client.cpp" />
		<Unit filename="mw/enet/client.h" />
		<Unit filename="mw/enet/enetnetwork.cpp" />
		<Unit filename="mw/enet/enetnetwork.h" />
		<Unit filename="mw/enet/server.cpp" />
		<Unit filename="mw/enet/server.h" />
		<Unit filename="mw/font.cpp" />
		<Unit filename="mw/font.h" />
		<Unit filename="mw/gamewindow.cpp" />
		<Unit filename="mw/gamewindow.h" />
		<Unit filename="mw/initsdl.cpp" />
		<Unit filename="mw/initsdl.h" />
		<Unit filename="mw/initttf.cpp" />
		<Unit filename="mw/initttf.h" />
		<Unit filename="mw/joystick.cpp" />
		<Unit filename="mw/joystick.h" />
		<Unit filename="mw/localnetwork.cpp" />
		<Unit filename="mw/localnetwork.h" />
		<Unit filename="mw/mathvector.cpp" />
		<Unit filename="mw/mathvector.h" />
		<Unit filename="mw/music.h" />
		<Unit filename="mw/network.h" />
		<Unit filename="mw/packet.h" />
		<Unit filename="mw/quadtree.h" />
		<Unit filename="mw/signal.h" />
		<Unit filename="mw/signals/connection.h" />
		<Unit filename="mw/sound.cpp" />
		<Unit filename="mw/sound.h" />
		<Unit filename="mw/soundbuffer.cpp" />
		<Unit filename="mw/soundbuffer.h" />
		<Unit filename="mw/sprite.cpp" />
		<Unit filename="mw/sprite.h" />
		<Unit filename="mw/text.cpp" />
		<Unit filename="mw/text.h" />
		<Unit filename="mw/texture.cpp" />
		<Unit filename="mw/texture.h" />
		<Unit filename="mw/window.cpp" />
		<Unit filename="mw/window.h" />
		<Extensions>
			<code_completion />
			<debugger />
		</Extensions>
	</Project>
</CodeBlocks_project_file>
